
Microsoft Visual Studio Solution File, Format Version 12.00
# Visual Studio Version 16
VisualStudioVersion = 16.0.30717.126
MinimumVisualStudioVersion = 10.0.40219.1
Project("{FAE04EC0-301F-11D3-BF4B-00C04F79EFBC}") = "WpfAppAutoWireViewModel", "WpfAppAutoWireViewModel\WpfAppAutoWireViewModel.csproj", "{DEA527BE-75CA-40BF-AD7D-7D5526C9D290}"
	ProjectSection(ProjectDependencies) = postProject
		{0850F3F0-7288-480D-9F73-710E6351E3F3} = {0850F3F0-7288-480D-9F73-710E6351E3F3}
	EndProjectSection
EndProject
Project("{2150E333-8FDC-42A3-9474-1A3956D46DE8}") = "00_Shell", "00_Shell", "{312A6CF7-E16A-4A3D-A9BD-CCACD57260E5}"
EndProject
Project("{2150E333-8FDC-42A3-9474-1A3956D46DE8}") = "01_Views", "01_Views", "{C6CE3000-B8B8-494E-A21C-711CBC8D93DF}"
EndProject
Project("{FAE04EC0-301F-11D3-BF4B-00C04F79EFBC}") = "WpfAppAutoWireViewModel.Views", "WpfAppAutoWireViewModel.Views\WpfAppAutoWireViewModel.Views.csproj", "{0850F3F0-7288-480D-9F73-710E6351E3F3}"
EndProject
Project("{2150E333-8FDC-42A3-9474-1A3956D46DE8}") = "03_Infrastructure", "03_Infrastructure", "{2BAEE429-7F41-4876-9AB9-2744B2A7568C}"
EndProject
Project("{FAE04EC0-301F-11D3-BF4B-00C04F79EFBC}") = "WpfAppAutoWireViewModel.Infrastructure", "WpfAppAutoWireViewModel.Infrastructure\WpfAppAutoWireViewModel.Infrastructure.csproj", "{B35241CF-940C-4224-9D3F-ECB5DB611EB1}"
EndProject
Project("{2150E333-8FDC-42A3-9474-1A3956D46DE8}") = "02_ViewModels", "02_ViewModels", "{D4850071-16F5-4584-ADF7-AF464053EDE5}"
EndProject
Global
	GlobalSection(SolutionConfigurationPlatforms) = preSolution
		Debug|Any CPU = Debug|Any CPU
		Release|Any CPU = Release|Any CPU
	EndGlobalSection
	GlobalSection(ProjectConfigurationPlatforms) = postSolution
		{DEA527BE-75CA-40BF-AD7D-7D5526C9D290}.Debug|Any CPU.ActiveCfg = Debug|Any CPU
		{DEA527BE-75CA-40BF-AD7D-7D5526C9D290}.Debug|Any CPU.Build.0 = Debug|Any CPU
		{DEA527BE-75CA-40BF-AD7D-7D5526C9D290}.Release|Any CPU.ActiveCfg = Release|Any CPU
		{DEA527BE-75CA-40BF-AD7D-7D5526C9D290}.Release|Any CPU.Build.0 = Release|Any CPU
		{0850F3F0-7288-480D-9F73-710E6351E3F3}.Debug|Any CPU.ActiveCfg = Debug|Any CPU
		{0850F3F0-7288-480D-9F73-710E6351E3F3}.Debug|Any CPU.Build.0 = Debug|Any CPU
		{0850F3F0-7288-480D-9F73-710E6351E3F3}.Release|Any CPU.ActiveCfg = Release|Any CPU
		{0850F3F0-7288-480D-9F73-710E6351E3F3}.Release|Any CPU.Build.0 = Release|Any CPU
		{B35241CF-940C-4224-9D3F-ECB5DB611EB1}.Debug|Any CPU.ActiveCfg = Debug|Any CPU
		{B35241CF-940C-4224-9D3F-ECB5DB611EB1}.Debug|Any CPU.Build.0 = Debug|Any CPU
		{B35241CF-940C-4224-9D3F-ECB5DB611EB1}.Release|Any CPU.ActiveCfg = Release|Any CPU
		{B35241CF-940C-4224-9D3F-ECB5DB611EB1}.Release|Any CPU.Build.0 = Release|Any CPU
	EndGlobalSection
	GlobalSection(SolutionProperties) = preSolution
		HideSolutionNode = FALSE
	EndGlobalSection
	GlobalSection(NestedProjects) = preSolution
		{DEA527BE-75CA-40BF-AD7D-7D5526C9D290} = {312A6CF7-E16A-4A3D-A9BD-CCACD57260E5}
		{0850F3F0-7288-480D-9F73-710E6351E3F3} = {C6CE3000-B8B8-494E-A21C-711CBC8D93DF}
		{B35241CF-940C-4224-9D3F-ECB5DB611EB1} = {2BAEE429-7F41-4876-9AB9-2744B2A7568C}
	EndGlobalSection
	GlobalSection(ExtensibilityGlobals) = postSolution
		SolutionGuid = {014ECC54-98B7-4448-950E-19B430BA3CAE}
	EndGlobalSection
EndGlobal
